# This file is generated by running "yarn install" inside your project.
# Manual changes might be lost - proceed with caution!

__metadata:
  version: 8
  cacheKey: 10c0

"@emnapi/runtime@npm:^1.11.3":
  version: 1.11.3
  resolution: "@emnapi/runtime@npm:1.11.3"
  dependencies:
    tslib: "npm:^2.4.0"
  checksum: 10c0/a00f1020fefb9d4145c367f93a9fddb383a00da8ffd7871e20b19659890379b83aeecb9f84d7d0eda5456343f4a09eb05b0acb5153b0d3d889539dedb1ed87c3
  languageName: node
  linkType: hard

"@img/colour@npm:^1.1.0":
  version: 1.1.0
  resolution: "@img/colour@npm:1.1.0"
  checksum: 10c0/2ebea2c0bbaee73b99badcefa04e1e71d83f36e5369337d3121dca841f4569533c4e2faddda6d62dd247f0d5cca143711f9446c59bcce81e427ba433a7a94a17
  languageName: node
  linkType: hard

"@img/sharp-darwin-arm64@npm:0.35.5":
  version: 0.35.5
  resolution: "@img/sharp-darwin-arm64@npm:0.35.5"
  dependencies:
    "@img/sharp-libvips-darwin-arm64": "npm:1.3.4"
  dependenciesMeta:
    "@img/sharp-libvips-darwin-arm64":
      optional: true
  conditions: os=darwin & cpu=arm64
  languageName: node
  linkType: hard

"@img/sharp-darwin-x64@npm:0.35.5":
  version: 0.35.5
  resolution: "@img/sharp-darwin-x64@npm:0.35.5"
  dependencies:
    "@img/sharp-libvips-darwin-x64": "npm:1.3.4"
  dependenciesMeta:
    "@img/sharp-libvips-darwin-x64":
      optional: true
  conditions: os=darwin & cpu=x64
  languageName: node
  linkType: hard

"@img/sharp-freebsd-wasm32@npm:0.35.5":
  version: 0.35.5
  resolution: "@img/sharp-freebsd-wasm32@npm:0.35.5"
  dependencies:
    "@img/sharp-wasm32": "npm:0.35.5"
  conditions: os=freebsd
  languageName: node
  linkType: hard

"@img/sharp-libvips-darwin-arm64@npm:1.3.4":
  version: 1.3.4
  resolution: "@img/sharp-libvips-darwin-arm64@npm:1.3.4"
  conditions: os=darwin & cpu=arm64
  languageName: node
  linkType: hard

"@img/sharp-libvips-darwin-x64@npm:1.3.4":
  version: 1.3.4
  resolution: "@img/sharp-libvips-darwin-x64@npm:1.3.4"
  conditions: os=darwin & cpu=x64
  languageName: node
  linkType: hard

"@img/sharp-libvips-linux-arm64@npm:1.3.4":
  version: 1.3.4
  resolution: "@img/sharp-libvips-linux-arm64@npm:1.3.4"
  conditions: os=linux & cpu=arm64 & libc=glibc
  languageName: node
  linkType: hard

"@img/sharp-libvips-linux-arm@npm:1.3.4":
  version: 1.3.4
  resolution: "@img/sharp-libvips-linux-arm@npm:1.3.4"
  conditions: os=linux & cpu=arm & libc=glibc
  languageName: node
  linkType: hard

"@img/sharp-libvips-linux-ppc64@npm:1.3.4":
  version: 1.3.4
  resolution: "@img/sharp-libvips-linux-ppc64@npm:1.3.4"
  conditions: os=linux & cpu=ppc64 & libc=glibc
  languageName: node
  linkType: hard

"@img/sharp-libvips-linux-riscv64@npm:1.3.4":
  version: 1.3.4
  resolution: "@img/sharp-libvips-linux-riscv64@npm:1.3.4"
  conditions: os=linux & cpu=riscv64 & libc=glibc
  languageName: node
  linkType: hard

"@img/sharp-libvips-linux-s390x@npm:1.3.4":
  version: 1.3.4
  resolution: "@img/sharp-libvips-linux-s390x@npm:1.3.4"
  conditions: os=linux & cpu=s390x & libc=glibc
  languageName: node
  linkType: hard

"@img/sharp-libvips-linux-x64@npm:1.3.4":
  version: 1.3.4
  resolution: "@img/sharp-libvips-linux-x64@npm:1.3.4"
  conditions: os=linux & cpu=x64 & libc=glibc
  languageName: node
  linkType: hard

"@img/sharp-libvips-linuxmusl-arm64@npm:1.3.4":
  version: 1.3.4
  resolution: "@img/sharp-libvips-linuxmusl-arm64@npm:1.3.4"
  conditions: os=linux & cpu=arm64 & libc=musl
  languageName: node
  linkType: hard

"@img/sharp-libvips-linuxmusl-x64@npm:1.3.4":
  version: 1.3.4
  resolution: "@img/sharp-libvips-linuxmusl-x64@npm:1.3.4"
  conditions: os=linux & cpu=x64 & libc=musl
  languageName: node
  linkType: hard

"@img/sharp-linux-arm64@npm:0.35.5":
  version: 0.35.5
  resolution: "@img/sharp-linux-arm64@npm:0.35.5"
  dependencies:
    "@img/sharp-libvips-linux-arm64": "npm:1.3.4"
  dependenciesMeta:
    "@img/sharp-libvips-linux-arm64":
      optional: true
  conditions: os=linux & cpu=arm64 & libc=glibc
  languageName: node
  linkType: hard

"@img/sharp-linux-arm@npm:0.35.5":
  version: 0.35.5
  resolution: "@img/sharp-linux-arm@npm:0.35.5"
  dependencies:
    "@img/sharp-libvips-linux-arm": "npm:1.3.4"
  dependenciesMeta:
    "@img/sharp-libvips-linux-arm":
      optional: true
  conditions: os=linux & cpu=arm & libc=glibc
  languageName: node
  linkType: hard

"@img/sharp-linux-ppc64@npm:0.35.5":
  version: 0.35.5
  resolution: "@img/sharp-linux-ppc64@npm:0.35.5"
  dependencies:
    "@img/sharp-libvips-linux-ppc64": "npm:1.3.4"
  dependenciesMeta:
    "@img/sharp-libvips-linux-ppc64":
      optional: true
  conditions: os=linux & cpu=ppc64 & libc=glibc
  languageName: node
  linkType: hard

"@img/sharp-linux-riscv64@npm:0.35.5":
  version: 0.35.5
  resolution: "@img/sharp-linux-riscv64@npm:0.35.5"
  dependencies:
    "@img/sharp-libvips-linux-riscv64": "npm:1.3.4"
  dependenciesMeta:
    "@img/sharp-libvips-linux-riscv64":
      optional: true
  conditions: os=linux & cpu=riscv64 & libc=glibc
  languageName: node
  linkType: hard

"@img/sharp-linux-s390x@npm:0.35.5":
  version: 0.35.5
  resolution: "@img/sharp-linux-s390x@npm:0.35.5"
  dependencies:
    "@img/sharp-libvips-linux-s390x": "npm:1.3.4"
  dependenciesMeta:
    "@img/sharp-libvips-linux-s390x":
      optional: true
  conditions: os=linux & cpu=s390x & libc=glibc
  languageName: node
  linkType: hard

"@img/sharp-linux-x64@npm:0.35.5":
  version: 0.35.5
  resolution: "@img/sharp-linux-x64@npm:0.35.5"
  dependencies:
    "@img/sharp-libvips-linux-x64": "npm:1.3.4"
  dependenciesMeta:
    "@img/sharp-libvips-linux-x64":
      optional: true
  conditions: os=linux & cpu=x64 & libc=glibc
  languageName: node
  linkType: hard

"@img/sharp-linuxmusl-arm64@npm:0.35.5":
  version: 0.35.5
  resolution: "@img/sharp-linuxmusl-arm64@npm:0.35.5"
  dependencies:
    "@img/sharp-libvips-linuxmusl-arm64": "npm:1.3.4"
  dependenciesMeta:
    "@img/sharp-libvips-linuxmusl-arm64":
      optional: true
  conditions: os=linux & cpu=arm64 & libc=musl
  languageName: node
  linkType: hard

"@img/sharp-linuxmusl-x64@npm:0.35.5":
  version: 0.35.5
  resolution: "@img/sharp-linuxmusl-x64@npm:0.35.5"
  dependencies:
    "@img/sharp-libvips-linuxmusl-x64": "npm:1.3.4"
  dependenciesMeta:
    "@img/sharp-libvips-linuxmusl-x64":
      optional: true
  conditions: os=linux & cpu=x64 & libc=musl
  languageName: node
  linkType: hard

"@img/sharp-wasm32@npm:0.35.5":
  version: 0.35.5
  resolution: "@img/sharp-wasm32@npm:0.35.5"
  dependencies:
    "@emnapi/runtime": "npm:^1.11.3"
  checksum: 10c0/da3f39d733135fde6d8b5009d282e12049f8f6df33ac3e4dc5d98868123842b5c888002ea1647e1824af9b4f9274a28826f35ebf2967b58a7416efd2aeb6299f
  languageName: node
  linkType: hard

"@img/sharp-webcontainers-wasm32@npm:0.35.5":
  version: 0.35.5
  resolution: "@img/sharp-webcontainers-wasm32@npm:0.35.5"
  dependencies:
    "@img/sharp-wasm32": "npm:0.35.5"
  conditions: cpu=wasm32
  languageName: node
  linkType: hard

"@img/sharp-win32-arm64@npm:0.35.5":
  version: 0.35.5
  resolution: "@img/sharp-win32-arm64@npm:0.35.5"
  conditions: os=win32 & cpu=arm64
  languageName: node
  linkType: hard

"@img/sharp-win32-ia32@npm:0.35.5":
  version: 0.35.5
  resolution: "@img/sharp-win32-ia32@npm:0.35.5"
  conditions: os=win32 & cpu=ia32
  languageName: node
  linkType: hard

"@img/sharp-win32-x64@npm:0.35.5":
  version: 0.35.5
  resolution: "@img/sharp-win32-x64@npm:0.35.5"
  conditions: os=win32 & cpu=x64
  languageName: node
  linkType: hard

"@next/env@npm:16.3.8":
  version: 16.3.8
  resolution: "@next/env@npm:16.3.8"
  checksum: 10c0/0955cc2f9bd8828043f38571f054cefbd1d5ba8bfc40603807f7fdf417e8da2c632df5289d34711e32a752a3ef1f7589da75f8a58d536e012c7d106367a70d7d
  languageName: node
  linkType: hard

"@next/swc-darwin-arm64@npm:16.3.8":
  version: 16.3.8
  resolution: "@next/swc-darwin-arm64@npm:16.3.8"
  conditions: os=darwin & cpu=arm64
  languageName: node
  linkType: hard

"@next/swc-darwin-x64@npm:16.3.8":
  version: 16.3.8
  resolution: "@next/swc-darwin-x64@npm:16.3.8"
  conditions: os=darwin & cpu=x64
  languageName: node
  linkType: hard

"@next/swc-linux-arm64-gnu@npm:16.3.8":
  version: 16.3.8
  resolution: "@next/swc-linux-arm64-gnu@npm:16.3.8"
  conditions: os=linux & cpu=arm64 & libc=glibc
  languageName: node
  linkType: hard

"@next/swc-linux-arm64-musl@npm:16.3.8":
  version: 16.3.8
  resolution: "@next/swc-linux-arm64-musl@npm:16.3.8"
  conditions: os=linux & cpu=arm64 & libc=musl
  languageName: node
  linkType: hard

"@next/swc-linux-x64-gnu@npm:16.3.8":
  version: 16.3.8
  resolution: "@next/swc-linux-x64-gnu@npm:16.3.8"
  conditions: os=linux & cpu=x64 & libc=glibc
  languageName: node
  linkType: hard

"@next/swc-linux-x64-musl@npm:16.3.8":
  version: 16.3.8
  resolution: "@next/swc-linux-x64-musl@npm:16.3.8"
  conditions: os=linux & cpu=x64 & libc=musl
  languageName: node
  linkType: hard

"@next/swc-win32-arm64-msvc@npm:16.3.8":
  version: 16.3.8
  resolution: "@next/swc-win32-arm64-msvc@npm:16.3.8"
  conditions: os=win32 & cpu=arm64
  languageName: node
  linkType: hard

"@next/swc-win32-x64-msvc@npm:16.3.8":
  version: 16.3.8
  resolution: "@next/swc-win32-x64-msvc@npm:16.3.8"
  conditions: os=win32 & cpu=x64
  languageName: node
  linkType: hard

"@supabase/auth-js@npm:2.117.2":
  version: 2.117.2
  resolution: "@supabase/auth-js@npm:2.117.2"
  dependencies:
    tslib: "npm:2.8.1"
  checksum: 10c0/79911da85edc1b595ef8b0bfb8e3fa7336984bc9a29ff16c00670dabfa088e5f10e1433a9298ec3b868356d2bb908e59db45391e741f0ef00979327afc46e942
  languageName: node
  linkType: hard

"@supabase/functions-js@npm:2.117.2":
  version: 2.117.2
  resolution: "@supabase/functions-js@npm:2.117.2"
  dependencies:
    tslib: "npm:2.8.1"
  checksum: 10c0/8142c3dc544d2c8b06f9998fea6d82938d21656c561e8beb0b1af29ea74560139e5086cfdc408bdb2ecc49826515b12c734a9084daf105e8d1e82a48cf49a8be
  languageName: node
  linkType: hard

"@supabase/phoenix@npm:0.4.5":
  version: 0.4.5
  resolution: "@supabase/phoenix@npm:0.4.5"
  checksum: 10c0/33be3994c870eb3a5f89d3bf6d57783a14f49f710b15e852f85c9750b45f3db5a637b30f7046474fa88f40cce50620e3bce18a27d9819ae16be792776bbfeb9c
  languageName: node
  linkType: hard

"@supabase/postgrest-js@npm:2.117.2":
  version: 2.117.2
  resolution: "@supabase/postgrest-js@npm:2.117.2"
  dependencies:
    tslib: "npm:2.8.1"
  checksum: 10c0/3685ee212d24804d51f7fe3f61c3eb4eba1a07397c8334ca764eb8e56d0f75877ec9d82fdda441a64dbb21a412efe3d6e2bafa0c96923843af0cebe038dd12b6
  languageName: node
  linkType: hard

"@supabase/realtime-js@npm:2.117.2":
  version: 2.117.2
  resolution: "@supabase/realtime-js@npm:2.117.2"
  dependencies:
    "@supabase/phoenix": "npm:0.4.5"
    tslib: "npm:2.8.1"
  checksum: 10c0/67144dd5e0bd37bac97c34cb3a383bfdf9c2b25b1e593101985ce6bb6d29d4bcffc6195ca8524b3b3aa8474cf97fc27862cab522a5b63677d2568ae5e3dbd1bd
  languageName: node
  linkType: hard

"@supabase/storage-js@npm:2.117.2":
  version: 2.117.2
  resolution: "@supabase/storage-js@npm:2.117.2"
  dependencies:
    iceberg-js: "npm:^0.8.1"
    tslib: "npm:2.8.1"
  checksum: 10c0/5c6ba9b77e7a608435e3751a49a426893e1d087ecee70930f833aaca954d32fcddb1993aa5f6ab0075d20519e2f2bee5b33ea3fc69ddfbae8e20a6275e3670e5
  languageName: node
  linkType: hard

"@supabase/supabase-js@npm:^2.117.2":
  version: 2.117.2
  resolution: "@supabase/supabase-js@npm:2.117.2"
  dependencies:
    "@supabase/auth-js": "npm:2.117.2"
    "@supabase/functions-js": "npm:2.117.2"
    "@supabase/postgrest-js": "npm:2.117.2"
    "@supabase/realtime-js": "npm:2.117.2"
    "@supabase/storage-js": "npm:2.117.2"
  peerDependencies:
    "@opentelemetry/api": ">=1.0.0"
  peerDependenciesMeta:
    "@opentelemetry/api":
      optional: true
  checksum: 10c0/f98b520ac800bd1da1fa2eb0eb124cee99052eba8e0bba4399c81c89943bdeb2637eb59eb81647c2e042dee41922827f2105f6a31d08ff490c6685dbab6ee7ea
  languageName: node
  linkType: hard

"@swc/helpers@npm:0.5.23":
  version: 0.5.23
  resolution: "@swc/helpers@npm:0.5.23"
  dependencies:
    tslib: "npm:^2.8.0"
  checksum: 10c0/02da7b4df465693933ecd4851cc193ec729c309939c8a84eccae5ec0010aafc3894e713b8ef8d13a6ba401759f0e900c88e2dcfef5872c27bb91e70f73275cce
  languageName: node
  linkType: hard

"@types/bcryptjs@npm:^2.4.6":
  version: 2.4.6
  resolution: "@types/bcryptjs@npm:2.4.6"
  checksum: 10c0/1182663f0c081c5c58760019459cd309335e9b5fc6552780b0fd21b6c5f25661a844709e46218796f4bdbebe6736e11cfc5af0729bc2cdb0160943650aceb3da
  languageName: node
  linkType: hard

"@types/node@npm:^26.6.4":
  version: 26.6.4
  resolution: "@types/node@npm:26.6.4"
  dependencies:
    undici-types: "npm:~8.9.0"
  checksum: 10c0/094e7362df9200ba4c2da09131ca3b5d1aa51535a268a24e4ee2546d9c5a323d1d30cbdaaaa3db7ef8b2387572d1f9edabb11538ab7a09d3bca33ae5cddc2b1b
  languageName: node
  linkType: hard

"@types/react-dom@npm:^19.3.0":
  version: 19.3.0
  resolution: "@types/react-dom@npm:19.3.0"
  peerDependencies:
    "@types/react": ^19.3.0
  checksum: 10c0/ce0066d28b62bc6afdd17ca84756b8fbe0f6ffc0c8b1e60739abc30e81510da2edbc1007e6ab3d974d30f5a8c25bb0f7de8d7ce09736c909fe84c0f9aed0b946
  languageName: node
  linkType: hard

"@types/react@npm:^19.3.0":
  version: 19.3.0
  resolution: "@types/react@npm:19.3.0"
  dependencies:
    csstype: "npm:^3.2.2"
  checksum: 10c0/fbcabf303f935ca9f36ed2dcf81751cf84744098c5a683c8a62a0fa7edd31714b48d5c46b12fd0014f7f2dfe4d9ec6de428a850748eec719a70294e51029551b
  languageName: node
  linkType: hard

"@typescript/typescript-aix-ppc64@npm:7.0.2":
  version: 7.0.2
  resolution: "@typescript/typescript-aix-ppc64@npm:7.0.2"
  conditions: os=aix & cpu=ppc64
  languageName: node
  linkType: hard

"@typescript/typescript-darwin-arm64@npm:7.0.2":
  version: 7.0.2
  resolution: "@typescript/typescript-darwin-arm64@npm:7.0.2"
  conditions: os=darwin & cpu=arm64
  languageName: node
  linkType: hard

"@typescript/typescript-darwin-x64@npm:7.0.2":
  version: 7.0.2
  resolution: "@typescript/typescript-darwin-x64@npm:7.0.2"
  conditions: os=darwin & cpu=x64
  languageName: node
  linkType: hard

"@typescript/typescript-freebsd-arm64@npm:7.0.2":
  version: 7.0.2
  resolution: "@typescript/typescript-freebsd-arm64@npm:7.0.2"
  conditions: os=freebsd & cpu=arm64
  languageName: node
  linkType: hard

"@typescript/typescript-freebsd-x64@npm:7.0.2":
  version: 7.0.2
  resolution: "@typescript/typescript-freebsd-x64@npm:7.0.2"
  conditions: os=freebsd & cpu=x64
  languageName: node
  linkType: hard

"@typescript/typescript-linux-arm64@npm:7.0.2":
  version: 7.0.2
  resolution: "@typescript/typescript-linux-arm64@npm:7.0.2"
  conditions: os=linux & cpu=arm64
  languageName: node
  linkType: hard

"@typescript/typescript-linux-arm@npm:7.0.2":
  version: 7.0.2
  resolution: "@typescript/typescript-linux-arm@npm:7.0.2"
  conditions: os=linux & cpu=arm
  languageName: node
  linkType: hard

"@typescript/typescript-linux-loong64@npm:7.0.2":
  version: 7.0.2
  resolution: "@typescript/typescript-linux-loong64@npm:7.0.2"
  conditions: os=linux & cpu=loong64
  languageName: node
  linkType: hard

"@typescript/typescript-linux-mips64el@npm:7.0.2":
  version: 7.0.2
  resolution: "@typescript/typescript-linux-mips64el@npm:7.0.2"
  conditions: os=linux & cpu=mips64el
  languageName: node
  linkType: hard

"@typescript/typescript-linux-ppc64@npm:7.0.2":
  version: 7.0.2
  resolution: "@typescript/typescript-linux-ppc64@npm:7.0.2"
  conditions: os=linux & cpu=ppc64
  languageName: node
  linkType: hard

"@typescript/typescript-linux-riscv64@npm:7.0.2":
  version: 7.0.2
  resolution: "@typescript/typescript-linux-riscv64@npm:7.0.2"
  conditions: os=linux & cpu=riscv64
  languageName: node
  linkType: hard

"@typescript/typescript-linux-s390x@npm:7.0.2":
  version: 7.0.2
  resolution: "@typescript/typescript-linux-s390x@npm:7.0.2"
  conditions: os=linux & cpu=s390x
  languageName: node
  linkType: hard

"@typescript/typescript-linux-x64@npm:7.0.2":
  version: 7.0.2
  resolution: "@typescript/typescript-linux-x64@npm:7.0.2"
  conditions: os=linux & cpu=x64
  languageName: node
  linkType: hard

"@typescript/typescript-netbsd-arm64@npm:7.0.2":
  version: 7.0.2
  resolution: "@typescript/typescript-netbsd-arm64@npm:7.0.2"
  conditions: os=netbsd & cpu=arm64
  languageName: node
  linkType: hard

"@typescript/typescript-netbsd-x64@npm:7.0.2":
  version: 7.0.2
  resolution: "@typescript/typescript-netbsd-x64@npm:7.0.2"
  conditions: os=netbsd & cpu=x64
  languageName: node
  linkType: hard

"@typescript/typescript-openbsd-arm64@npm:7.0.2":
  version: 7.0.2
  resolution: "@typescript/typescript-openbsd-arm64@npm:7.0.2"
  conditions: os=openbsd & cpu=arm64
  languageName: node
  linkType: hard

"@typescript/typescript-openbsd-x64@npm:7.0.2":
  version: 7.0.2
  resolution: "@typescript/typescript-openbsd-x64@npm:7.0.2"
  conditions: os=openbsd & cpu=x64
  languageName: node
  linkType: hard

"@typescript/typescript-sunos-x64@npm:7.0.2":
  version: 7.0.2
  resolution: "@typescript/typescript-sunos-x64@npm:7.0.2"
  conditions: os=sunos & cpu=x64
  languageName: node
  linkType: hard

"@typescript/typescript-win32-arm64@npm:7.0.2":
  version: 7.0.2
  resolution: "@typescript/typescript-win32-arm64@npm:7.0.2"
  conditions: os=win32 & cpu=arm64
  languageName: node
  linkType: hard

"@typescript/typescript-win32-x64@npm:7.0.2":
  version: 7.0.2
  resolution: "@typescript/typescript-win32-x64@npm:7.0.2"
  conditions: os=win32 & cpu=x64
  languageName: node
  linkType: hard

"baseline-browser-mapping@npm:^2.9.19":
  version: 2.11.27
  resolution: "baseline-browser-mapping@npm:2.11.27"
  bin:
    baseline-browser-mapping: dist/cli.cjs
  checksum: 10c0/4a06cfab5ad4f57633c0092340af41388f3fc71e6a91a3309942a23c60b65e9ec6f243edbd2f484d3d0ee40f5f33d974c8a85c9c207e104ea17ba429cfb4d3df
  languageName: node
  linkType: hard

"bcryptjs@npm:^3.0.3":
  version: 3.0.3
  resolution: "bcryptjs@npm:3.0.3"
  bin:
    bcrypt: bin/bcrypt
  checksum: 10c0/127c94699f07eab5fbbb89d600c3f0e36ae6fd001e028139740b41fffb62a23a2743523fb88f442ae3308a27d4843b97ccb9e436d78f5c5899be187d0972c6d5
  languageName: node
  linkType: hard

"caniuse-lite@npm:^1.0.30001579":
  version: 1.0.30001814
  resolution: "caniuse-lite@npm:1.0.30001814"
  checksum: 10c0/c1b93b8cd43528241e1a97d0a683ad0cbbf825a2d5a6a021ac1abaee966a861095d2bbffa9903638ee590534a243b024f18d7440e514d0f9c2bb90cfcf4651fb
  languageName: node
  linkType: hard

"client-only@npm:0.0.1":
  version: 0.0.1
  resolution: "client-only@npm:0.0.1"
  checksum: 10c0/9d6cfd0c19e1c96a434605added99dff48482152af791ec4172fb912a71cff9027ff174efd8cdb2160cc7f377543e0537ffc462d4f279bc4701de3f2a3c4b358
  languageName: node
  linkType: hard

"csstype@npm:^3.2.2":
  version: 3.2.3
  resolution: "csstype@npm:3.2.3"
  checksum: 10c0/cd29c51e70fa822f1cecd8641a1445bed7063697469d35633b516e60fe8c1bde04b08f6c5b6022136bb669b64c63d4173af54864510fbb4ee23281801841a3ce
  languageName: node
  linkType: hard

"detect-libc@npm:^2.1.2":
  version: 2.1.2
  resolution: "detect-libc@npm:2.1.2"
  checksum: 10c0/acc675c29a5649fa1fb6e255f993b8ee829e510b6b56b0910666949c80c364738833417d0edb5f90e4e46be17228b0f2b66a010513984e18b15deeeac49369c4
  languageName: node
  linkType: hard

"iceberg-js@npm:^0.8.1":
  version: 0.8.1
  resolution: "iceberg-js@npm:0.8.1"
  checksum: 10c0/e504da64cc26e8ad7c5344353a7203c671a740c14eb6086f20505f5e9739cab774493e616032530c962df97f2a855115cc2e89a47dd81581df5917b21a69ec48
  languageName: node
  linkType: hard

"lucide-react@npm:^1.51.0":
  version: 1.51.0
  resolution: "lucide-react@npm:1.51.0"
  peerDependencies:
    "@types/react": "*"
    react: ^16.5.1 || ^17.0.0 || ^18.0.0 || ^19.0.0
  peerDependenciesMeta:
    "@types/react":
      optional: true
  checksum: 10c0/d7a6e5d8b39e31d2fb9e735dda08a080c7ebb05138e176218bec8509a242e3c47a1bf3fafbf66ba68d21ede7a9d931521779321b705612f656649c0ab0ddb764
  languageName: node
  linkType: hard

"nanoid@npm:^3.3.16":
  version: 3.3.19
  resolution: "nanoid@npm:3.3.19"
  bin:
    nanoid: bin/nanoid.cjs
  checksum: 10c0/ce7afa6258bfaa00bdc8de291cfe9913280eaa403b7d9cff3db4e4200c1913e7163577df74897958da144db473a96c67f74f57db0f542fbfe409df677bae3255
  languageName: node
  linkType: hard

"newbimba@workspace:.":
  version: 0.0.0-use.local
  resolution: "newbimba@workspace:."
  dependencies:
    "@supabase/supabase-js": "npm:^2.117.2"
    "@types/bcryptjs": "npm:^2.4.6"
    "@types/node": "npm:^26.6.4"
    "@types/react": "npm:^19.3.0"
    "@types/react-dom": "npm:^19.3.0"
    bcryptjs: "npm:^3.0.3"
    lucide-react: "npm:^1.51.0"
    next: "npm:^16.3.8"
    react: "npm:^19.3.0"
    react-dom: "npm:^19.3.0"
    typescript: "npm:^7.0.2"
  languageName: unknown
  linkType: soft

"next@npm:^16.3.8":
  version: 16.3.8
  resolution: "next@npm:16.3.8"
  dependencies:
    "@next/env": "npm:16.3.8"
    "@next/swc-darwin-arm64": "npm:16.3.8"
    "@next/swc-darwin-x64": "npm:16.3.8"
    "@next/swc-linux-arm64-gnu": "npm:16.3.8"
    "@next/swc-linux-arm64-musl": "npm:16.3.8"
    "@next/swc-linux-x64-gnu": "npm:16.3.8"
    "@next/swc-linux-x64-musl": "npm:16.3.8"
    "@next/swc-win32-arm64-msvc": "npm:16.3.8"
    "@next/swc-win32-x64-msvc": "npm:16.3.8"
    "@swc/helpers": "npm:0.5.23"
    baseline-browser-mapping: "npm:^2.9.19"
    caniuse-lite: "npm:^1.0.30001579"
    postcss: "npm:8.5.23"
    sharp: "npm:^0.35.4"
    styled-jsx: "npm:5.1.6"
  peerDependencies:
    "@opentelemetry/api": ^1.1.0
    "@playwright/test": ^1.51.1
    babel-plugin-react-compiler: "*"
    react: ^18.2.0 || 19.0.0-rc-de68d2f4-20241204 || ^19.0.0
    react-dom: ^18.2.0 || 19.0.0-rc-de68d2f4-20241204 || ^19.0.0
    sass: ^1.3.0
  dependenciesMeta:
    "@next/swc-darwin-arm64":
      optional: true
    "@next/swc-darwin-x64":
      optional: true
    "@next/swc-linux-arm64-gnu":
      optional: true
    "@next/swc-linux-arm64-musl":
      optional: true
    "@next/swc-linux-x64-gnu":
      optional: true
    "@next/swc-linux-x64-musl":
      optional: true
    "@next/swc-win32-arm64-msvc":
      optional: true
    "@next/swc-win32-x64-msvc":
      optional: true
    sharp:
      optional: true
  peerDependenciesMeta:
    "@opentelemetry/api":
      optional: true
    "@playwright/test":
      optional: true
    babel-plugin-react-compiler:
      optional: true
    sass:
      optional: true
  bin:
    next: dist/bin/next
  checksum: 10c0/6ad814a9351a990fd566225101c21a3e3a6d0d2098e3f04f5535d1bc004deb8b0107c0f5915b67c50301b2c5a1c041ba12fbeb8963e79cd2d87218f2c8368a9b
  languageName: node
  linkType: hard

"picocolors@npm:^1.1.1":
  version: 1.1.1
  resolution: "picocolors@npm:1.1.1"
  checksum: 10c0/e2e3e8170ab9d7c7421969adaa7e1b31434f789afb9b3f115f6b96d91945041ac3ceb02e9ec6fe6510ff036bcc0bf91e69a1772edc0b707e12b19c0f2d6bcf58
  languageName: node
  linkType: hard

"postcss@npm:8.5.23":
  version: 8.5.23
  resolution: "postcss@npm:8.5.23"
  dependencies:
    nanoid: "npm:^3.3.16"
    picocolors: "npm:^1.1.1"
    source-map-js: "npm:^1.2.1"
  checksum: 10c0/ed714e635b330bb42666ecdd0c0b4f30224ded15b0b0052d6bc2b92832f2cf17d1c1141359453f96f0a84f8fbf4c405a74df187f559163b8f31131b2535455aa
  languageName: node
  linkType: hard

"react-dom@npm:^19.3.0":
  version: 19.3.0
  resolution: "react-dom@npm:19.3.0"
  dependencies:
    scheduler: "npm:^0.28.0"
  peerDependencies:
    react: ^19.3.0
  checksum: 10c0/c513044b724dd6bfe9500a9682d60973e7f8a48cffba00b6b16d3e910e27dcc459bf71bf0a5c33d7d62a3843ca30de1bd1e2098058aa4ed71f618a24b6061da5
  languageName: node
  linkType: hard

"react@npm:^19.3.0":
  version: 19.3.0
  resolution: "react@npm:19.3.0"
  checksum: 10c0/dd3099c3c43a7122bc01223bb26b0f8d5ba13cca569af6fb94a005fb54fa73223c9cb203bb226d40cfd49a82cbeef2e36ce84062a3a6d5b9fe8f4437694c7b52
  languageName: node
  linkType: hard

"scheduler@npm:^0.28.0":
  version: 0.28.0
  resolution: "scheduler@npm:0.28.0"
  checksum: 10c0/783c8e5ce89d41273a02ed6dc0e3d24bd60e05c9e8f7e3adfc6c82e7c69935500d90e343f1ee26d592fc7504e8a2532573c6368def3e93bfe812391fa53efaf4
  languageName: node
  linkType: hard

"semver@npm:^7.8.5":
  version: 7.8.5
  resolution: "semver@npm:7.8.5"
  bin:
    semver: bin/semver.js
  checksum: 10c0/b1f3127a5be8125a94f37188b361c212466c292c6910adce3ec106cff5dc211ccaedc4739c11bb70fda59d6fc1f040a9bca289f4e093451521a2372e5231fe0c
  languageName: node
  linkType: hard

"sharp@npm:^0.35.4":
  version: 0.35.5
  resolution: "sharp@npm:0.35.5"
  dependencies:
    "@img/colour": "npm:^1.1.0"
    "@img/sharp-darwin-arm64": "npm:0.35.5"
    "@img/sharp-darwin-x64": "npm:0.35.5"
    "@img/sharp-freebsd-wasm32": "npm:0.35.5"
    "@img/sharp-libvips-darwin-arm64": "npm:1.3.4"
    "@img/sharp-libvips-darwin-x64": "npm:1.3.4"
    "@img/sharp-libvips-linux-arm": "npm:1.3.4"
    "@img/sharp-libvips-linux-arm64": "npm:1.3.4"
    "@img/sharp-libvips-linux-ppc64": "npm:1.3.4"
    "@img/sharp-libvips-linux-riscv64": "npm:1.3.4"
    "@img/sharp-libvips-linux-s390x": "npm:1.3.4"
    "@img/sharp-libvips-linux-x64": "npm:1.3.4"
    "@img/sharp-libvips-linuxmusl-arm64": "npm:1.3.4"
    "@img/sharp-libvips-linuxmusl-x64": "npm:1.3.4"
    "@img/sharp-linux-arm": "npm:0.35.5"
    "@img/sharp-linux-arm64": "npm:0.35.5"
    "@img/sharp-linux-ppc64": "npm:0.35.5"
    "@img/sharp-linux-riscv64": "npm:0.35.5"
    "@img/sharp-linux-s390x": "npm:0.35.5"
    "@img/sharp-linux-x64": "npm:0.35.5"
    "@img/sharp-linuxmusl-arm64": "npm:0.35.5"
    "@img/sharp-linuxmusl-x64": "npm:0.35.5"
    "@img/sharp-webcontainers-wasm32": "npm:0.35.5"
    "@img/sharp-win32-arm64": "npm:0.35.5"
    "@img/sharp-win32-ia32": "npm:0.35.5"
    "@img/sharp-win32-x64": "npm:0.35.5"
    detect-libc: "npm:^2.1.2"
    semver: "npm:^7.8.5"
  dependenciesMeta:
    "@img/sharp-darwin-arm64":
      optional: true
    "@img/sharp-darwin-x64":
      optional: true
    "@img/sharp-freebsd-wasm32":
      optional: true
    "@img/sharp-libvips-darwin-arm64":
      optional: true
    "@img/sharp-libvips-darwin-x64":
      optional: true
    "@img/sharp-libvips-linux-arm":
      optional: true
    "@img/sharp-libvips-linux-arm64":
      optional: true
    "@img/sharp-libvips-linux-ppc64":
      optional: true
    "@img/sharp-libvips-linux-riscv64":
      optional: true
    "@img/sharp-libvips-linux-s390x":
      optional: true
    "@img/sharp-libvips-linux-x64":
      optional: true
    "@img/sharp-libvips-linuxmusl-arm64":
      optional: true
    "@img/sharp-libvips-linuxmusl-x64":
      optional: true
    "@img/sharp-linux-arm":
      optional: true
    "@img/sharp-linux-arm64":
      optional: true
    "@img/sharp-linux-ppc64":
      optional: true
    "@img/sharp-linux-riscv64":
      optional: true
    "@img/sharp-linux-s390x":
      optional: true
    "@img/sharp-linux-x64":
      optional: true
    "@img/sharp-linuxmusl-arm64":
      optional: true
    "@img/sharp-linuxmusl-x64":
      optional: true
    "@img/sharp-webcontainers-wasm32":
      optional: true
    "@img/sharp-win32-arm64":
      optional: true
    "@img/sharp-win32-ia32":
      optional: true
    "@img/sharp-win32-x64":
      optional: true
  peerDependenciesMeta:
    "@types/node":
      optional: true
  checksum: 10c0/73d61270979fdb89a14d523c071662f1f557814dac62faa5491ca975e0e2b0007665456941b90356a9a511b2fba8920d9088aa7f91b4786554e12852f94a82b0
  languageName: node
  linkType: hard

"source-map-js@npm:^1.2.1":
  version: 1.2.2
  resolution: "source-map-js@npm:1.2.2"
  checksum: 10c0/d5d6dec62266834f83dd4f8a2606a196fb1a006ca5d53b0ef80ee513b7eba2f4e2ae241f4bc129ae7e9b80dea24f6e3d92b446b7e6e96be7653cab8888168a94
  languageName: node
  linkType: hard

"styled-jsx@npm:5.1.6":
  version: 5.1.6
  resolution: "styled-jsx@npm:5.1.6"
  dependencies:
    client-only: "npm:0.0.1"
  peerDependencies:
    react: ">= 16.8.0 || 17.x.x || ^18.0.0-0 || ^19.0.0-0"
  peerDependenciesMeta:
    "@babel/core":
      optional: true
    babel-plugin-macros:
      optional: true
  checksum: 10c0/ace50e7ea5ae5ae6a3b65a50994c51fca6ae7df9c7ecfd0104c36be0b4b3a9c5c1a2374d16e2a11e256d0b20be6d47256d768ecb4f91ab390f60752a075780f5
  languageName: node
  linkType: hard

"tslib@npm:2.8.1, tslib@npm:^2.4.0, tslib@npm:^2.8.0":
  version: 2.8.1
  resolution: "tslib@npm:2.8.1"
  checksum: 10c0/9c4759110a19c53f992d9aae23aac5ced636e99887b51b9e61def52611732872ff7668757d4e4c61f19691e36f4da981cd9485e869b4a7408d689f6bf1f14e62
  languageName: node
  linkType: hard

"typescript@npm:^7.0.2":
  version: 7.0.2
  resolution: "typescript@npm:7.0.2"
  dependencies:
    "@typescript/typescript-aix-ppc64": "npm:7.0.2"
    "@typescript/typescript-darwin-arm64": "npm:7.0.2"
    "@typescript/typescript-darwin-x64": "npm:7.0.2"
    "@typescript/typescript-freebsd-arm64": "npm:7.0.2"
    "@typescript/typescript-freebsd-x64": "npm:7.0.2"
    "@typescript/typescript-linux-arm": "npm:7.0.2"
    "@typescript/typescript-linux-arm64": "npm:7.0.2"
    "@typescript/typescript-linux-loong64": "npm:7.0.2"
    "@typescript/typescript-linux-mips64el": "npm:7.0.2"
    "@typescript/typescript-linux-ppc64": "npm:7.0.2"
    "@typescript/typescript-linux-riscv64": "npm:7.0.2"
    "@typescript/typescript-linux-s390x": "npm:7.0.2"
    "@typescript/typescript-linux-x64": "npm:7.0.2"
    "@typescript/typescript-netbsd-arm64": "npm:7.0.2"
    "@typescript/typescript-netbsd-x64": "npm:7.0.2"
    "@typescript/typescript-openbsd-arm64": "npm:7.0.2"
    "@typescript/typescript-openbsd-x64": "npm:7.0.2"
    "@typescript/typescript-sunos-x64": "npm:7.0.2"
    "@typescript/typescript-win32-arm64": "npm:7.0.2"
    "@typescript/typescript-win32-x64": "npm:7.0.2"
  dependenciesMeta:
    "@typescript/typescript-aix-ppc64":
      optional: true
    "@typescript/typescript-darwin-arm64":
      optional: true
    "@typescript/typescript-darwin-x64":
      optional: true
    "@typescript/typescript-freebsd-arm64":
      optional: true
    "@typescript/typescript-freebsd-x64":
      optional: true
    "@typescript/typescript-linux-arm":
      optional: true
    "@typescript/typescript-linux-arm64":
      optional: true
    "@typescript/typescript-linux-loong64":
      optional: true
    "@typescript/typescript-linux-mips64el":
      optional: true
    "@typescript/typescript-linux-ppc64":
      optional: true
    "@typescript/typescript-linux-riscv64":
      optional: true
    "@typescript/typescript-linux-s390x":
      optional: true
    "@typescript/typescript-linux-x64":
      optional: true
    "@typescript/typescript-netbsd-arm64":
      optional: true
    "@typescript/typescript-netbsd-x64":
      optional: true
    "@typescript/typescript-openbsd-arm64":
      optional: true
    "@typescript/typescript-openbsd-x64":
      optional: true
    "@typescript/typescript-sunos-x64":
      optional: true
    "@typescript/typescript-win32-arm64":
      optional: true
    "@typescript/typescript-win32-x64":
      optional: true
  bin:
    tsc: bin/tsc
  checksum: 10c0/3dcee51ec8c332492325bcdbf7df48b66668751f127e622ae7d41b6c716eb19184424a45e14f7750f50f340232388b69e6287859155f06a5ce2df76f12cb31cf
  languageName: node
  linkType: hard

"typescript@patch:typescript@npm%3A^7.0.2#optional!builtin<compat/typescript>":
  version: 7.0.2
  resolution: "typescript@patch:typescript@npm%3A7.0.2#optional!builtin<compat/typescript>::version=7.0.2&hash=8c6c40"
  dependencies:
    "@typescript/typescript-aix-ppc64": "npm:7.0.2"
    "@typescript/typescript-darwin-arm64": "npm:7.0.2"
    "@typescript/typescript-darwin-x64": "npm:7.0.2"
    "@typescript/typescript-freebsd-arm64": "npm:7.0.2"
    "@typescript/typescript-freebsd-x64": "npm:7.0.2"
    "@typescript/typescript-linux-arm": "npm:7.0.2"
    "@typescript/typescript-linux-arm64": "npm:7.0.2"
    "@typescript/typescript-linux-loong64": "npm:7.0.2"
    "@typescript/typescript-linux-mips64el": "npm:7.0.2"
    "@typescript/typescript-linux-ppc64": "npm:7.0.2"
    "@typescript/typescript-linux-riscv64": "npm:7.0.2"
    "@typescript/typescript-linux-s390x": "npm:7.0.2"
    "@typescript/typescript-linux-x64": "npm:7.0.2"
    "@typescript/typescript-netbsd-arm64": "npm:7.0.2"
    "@typescript/typescript-netbsd-x64": "npm:7.0.2"
    "@typescript/typescript-openbsd-arm64": "npm:7.0.2"
    "@typescript/typescript-openbsd-x64": "npm:7.0.2"
    "@typescript/typescript-sunos-x64": "npm:7.0.2"
    "@typescript/typescript-win32-arm64": "npm:7.0.2"
    "@typescript/typescript-win32-x64": "npm:7.0.2"
  dependenciesMeta:
    "@typescript/typescript-aix-ppc64":
      optional: true
    "@typescript/typescript-darwin-arm64":
      optional: true
    "@typescript/typescript-darwin-x64":
      optional: true
    "@typescript/typescript-freebsd-arm64":
      optional: true
    "@typescript/typescript-freebsd-x64":
      optional: true
    "@typescript/typescript-linux-arm":
      optional: true
    "@typescript/typescript-linux-arm64":
      optional: true
    "@typescript/typescript-linux-loong64":
      optional: true
    "@typescript/typescript-linux-mips64el":
      optional: true
    "@typescript/typescript-linux-ppc64":
      optional: true
    "@typescript/typescript-linux-riscv64":
      optional: true
    "@typescript/typescript-linux-s390x":
      optional: true
    "@typescript/typescript-linux-x64":
      optional: true
    "@typescript/typescript-netbsd-arm64":
      optional: true
    "@typescript/typescript-netbsd-x64":
      optional: true
    "@typescript/typescript-openbsd-arm64":
      optional: true
    "@typescript/typescript-openbsd-x64":
      optional: true
    "@typescript/typescript-sunos-x64":
      optional: true
    "@typescript/typescript-win32-arm64":
      optional: true
    "@typescript/typescript-win32-x64":
      optional: true
  bin:
    tsc: bin/tsc
  checksum: 10c0/6b3cdc369cd829d46e00734ea64233ee84419c2825ad8fe408915adde77abced4b7a2401f7eed517d54a7a4f5d1c1869753cb99018df1c2159c761d9f33483a6
  languageName: node
  linkType: hard

"undici-types@npm:~8.9.0":
  version: 8.9.0
  resolution: "undici-types@npm:8.9.0"
  checksum: 10c0/51c712c20c087368f62c6fc0f2bc49fa76bfe5dec28ff01584bb677ff29b0622569783c02d43e151143808c48c0503f804093bd2c491b10f2a830138034cb451
  languageName: node
  linkType: hard
